%{"decimal": {:hex, :decimal, "1.2.0", "462960fd71af282e570f7b477f6be56bf8968e68277d4d0b641a635269bf4b0d", [:mix], []},
  "ecto": {:hex, :ecto, "2.1.0-rc.3", "63905a289ae923f1819574d71e79a90db5b3fbe50dbdaa60ab6a8c534c4e16be", [:mix], [{:db_connection, "~> 1.0-rc.4", [hex: :db_connection, optional: true]}, {:decimal, "~> 1.2", [hex: :decimal, optional: false]}, {:mariaex, "~> 0.7.7", [hex: :mariaex, optional: true]}, {:poison, "~> 2.2 or ~> 3.0", [hex: :poison, optional: true]}, {:poolboy, "~> 1.5", [hex: :poolboy, optional: false]}, {:postgrex, "~> 0.12.0", [hex: :postgrex, optional: true]}, {:sbroker, "~> 1.0-beta", [hex: :sbroker, optional: true]}]},
  "hamcrest": {:hex, :hamcrest, "0.1.2", "2f06fad05983ce98a7832c4a7a508aab935b68865fdf607d30a030c129ec1365", [:make, :rebar], []},
  "meck": {:hex, :meck, "0.8.4", "59ca1cd971372aa223138efcf9b29475bde299e1953046a0c727184790ab1520", [:make, :rebar], []},
  "poolboy": {:hex, :poolboy, "1.5.1", "6b46163901cfd0a1b43d692657ed9d7e599853b3b21b95ae5ae0a777cf9b6ca8", [:rebar], []},
  "protobuffs": {:hex, :protobuffs, "0.8.4", "d38ca5f7380d8477c274680273372011890f8d0037c0d7e7db5c0207b89a4e0b", [:make, :rebar], [{:meck, "~> 0.8.4", [hex: :meck, optional: false]}]},
  "riak_pb": {:hex, :riak_pb, "2.1.4", "0de76c3b44a950dc9ffe50f45f7b55128bacce12170705c5e364af95b96a33cf", [:make, :rebar], [{:hamcrest, "~> 0.1", [hex: :hamcrest, optional: false]}, {:protobuffs, "~> 0.8", [hex: :protobuffs, optional: false]}]},
  "riakc": {:hex, :riakc, "2.4.1", "5d2e191ac6597e1a4cfb5628bf78219d126c5ffa42dbb904af622136d8426a32", [:make, :rebar], [{:riak_pb, "~> 2.1", [hex: :riak_pb, optional: false]}]}}
